GIT
  remote: https://github.com/puppetlabs/puppetlabs-strings.git
  revision: fe2f20908b0e29477a2aad71b74209c0dc668913
  specs:
    puppet-strings (5.0.0)
      rgen (~> 0.9)
      yard (~> 0.9)

GIT
  remote: https://github.com/rodjek/rspec-puppet.git
  revision: c4ceecde20c9c53a388587dd37d6a2fc5dac50e5
  specs:
    rspec-puppet (2.10.0.pre)
      rspec

GIT
  remote: https://github.com/voxpupuli/voxpupuli-release-gem.git
  revision: 3816103fa0925f8510447feac9fd7d9ea5d8367e
  specs:
    voxpupuli-release (5.4.0)
      faraday-retry (~> 2.1)
      github_changelog_generator (~> 1.16, >= 1.16.4)
      openvox (< 9)
      openvox-strings (~> 7.0)
      puppet-blacksmith (>= 8.0, < 10)
      rake (~> 13.0, >= 13.0.6)
      syslog (>= 0.3.0, < 0.5)

GEM
  remote: https://rubygems.org/
  specs:
    activesupport (8.1.3)
      base64
      bigdecimal
      concurrent-ruby (~> 1.0, >= 1.3.1)
      connection_pool (>= 2.2.5)
      drb
      i18n (>= 1.6, < 2)
      json
      logger (>= 1.4.2)
      minitest (>= 5.1)
      securerandom (>= 0.3)
      tzinfo (~> 2.0, >= 2.0.5)
      uri (>= 0.13.1)
    addressable (2.9.0)
      public_suffix (>= 2.0.2, < 8.0)
    ansi (1.6.0)
    ast (2.4.3)
    async (2.39.0)
      console (~> 1.29)
      fiber-annotation
      io-event (~> 1.11)
      metrics (~> 0.12)
      traces (~> 0.18)
    async-http (0.95.0)
      async (>= 2.10.2)
      async-pool (~> 0.11)
      io-endpoint (~> 0.14)
      io-stream (~> 0.6)
      metrics (~> 0.12)
      protocol-http (~> 0.62)
      protocol-http1 (~> 0.39)
      protocol-http2 (~> 0.26)
      protocol-url (~> 0.2)
      traces (~> 0.10)
    async-http-faraday (0.22.2)
      async-http (~> 0.42)
      faraday
    async-pool (0.11.2)
      async (>= 2.0)
    base64 (0.3.0)
    beaker (4.42.0)
      beaker-hostgenerator
      ed25519 (~> 1.0)
      hocon (~> 1.0)
      in-parallel (>= 0.1, < 2)
      inifile (~> 3.0)
      minitar (~> 0.6)
      minitest (~> 5.4)
      net-scp (>= 1.2, < 5.0)
      net-ssh (>= 5.0)
      rexml
      rsync (~> 1.0.9)
      stringify-hash (~> 0.0)
      thor (>= 1.0.1, < 2.0)
    beaker-abs (0.5.0)
    beaker-answers (0.29.0)
      hocon (~> 1.0)
      require_all (>= 1.3.2, < 3.1.0)
      stringify-hash (~> 0.0.0)
    beaker-hostgenerator (3.6.0)
      deep_merge (~> 1.0)
    beaker-pe (2.19.0)
      beaker (>= 4.0, < 7)
      beaker-abs
      beaker-answers (~> 0.0)
      beaker-puppet (>= 1)
      beaker-vmpooler (~> 1.0)
      stringify-hash (~> 0.0.0)
    beaker-puppet (2.1.0)
      beaker (~> 4.1)
      oga (~> 3.4)
    beaker-puppet_install_helper (0.9.8)
      beaker (~> 4.0)
      beaker-pe (~> 2.0)
    beaker-rspec (9.1.0)
      beaker (>= 4.0, < 8)
      rspec (~> 3.0)
      serverspec (~> 2)
      specinfra (~> 2)
    beaker-vmpooler (1.4.0)
      stringify-hash (~> 0.0.0)
    benchmark (0.5.0)
    bigdecimal (4.1.2)
    concurrent-ruby (1.3.6)
    connection_pool (3.0.2)
    console (1.34.3)
      fiber-annotation
      fiber-local (~> 1.1)
      json
    date (3.5.1)
    deep_merge (1.2.2)
    diff-lcs (1.6.2)
    drb (2.2.3)
    ed25519 (1.4.0)
    erb (6.0.4)
    facter (2.5.7)
    facterdb (4.4.0)
      jgrep (~> 1.5, >= 1.5.4)
    faraday (2.14.1)
      faraday-net_http (>= 2.0, < 3.5)
      json
      logger
    faraday-http-cache (2.7.0)
      faraday (>= 0.8)
    faraday-net_http (3.4.2)
      net-http (~> 0.5)
    faraday-retry (2.4.0)
      faraday (~> 2.0)
    fast_gettext (1.1.2)
    fiber-annotation (0.2.0)
    fiber-local (1.1.0)
      fiber-storage
    fiber-storage (1.0.1)
    fiddle (1.1.8)
    forwardable (1.4.0)
    getoptlong (0.2.1)
    github_changelog_generator (1.18.0)
      activesupport
      async (>= 1.25.0)
      async-http-faraday
      benchmark
      faraday-http-cache
      octokit (~> 4.6)
      rainbow (>= 2.2.1)
      rake (>= 10.0)
    hiera (3.12.0)
    hocon (1.4.0)
    i18n (1.14.8)
      concurrent-ruby (~> 1.0)
    in-parallel (1.0.1)
    inifile (3.0.0)
    io-console (0.8.2)
    io-endpoint (0.17.2)
    io-event (1.15.1)
    io-stream (0.13.0)
    irb (1.18.0)
      pp (>= 0.6.0)
      prism (>= 1.3.0)
      rdoc (>= 4.0.0)
      reline (>= 0.4.2)
    jgrep (1.5.4)
    json (2.19.5)
    json-schema (6.2.0)
      addressable (~> 2.8)
      bigdecimal (>= 3.1, < 5)
    locale (2.1.5)
      fiddle
    logger (1.7.0)
    metadata-json-lint (5.0.0)
      json-schema (>= 2.8, < 7.0)
      semantic_puppet (~> 1.0)
      spdx-licenses (~> 1.0)
    metrics (0.15.0)
    minitar (0.12.1)
    minitest (5.27.0)
    mocha (1.16.1)
    multi_json (1.21.1)
    net-http (0.9.1)
      uri (>= 0.11.1)
    net-scp (4.1.0)
      net-ssh (>= 2.6.5, < 8.0.0)
    net-ssh (7.3.2)
    net-telnet (0.2.0)
    octokit (4.25.1)
      faraday (>= 1, < 3)
      sawyer (~> 0.9)
    oga (3.4)
      ast
      ruby-ll (~> 2.1)
    openfact (5.6.0)
      base64 (>= 0.1, < 0.4)
      benchmark (< 0.6)
      hocon (~> 1.3)
      logger (~> 1.5)
      ostruct (< 0.7)
      thor (>= 1.0.1, < 2)
      tsort (< 0.3)
    openvox (7.37.2)
      concurrent-ruby (~> 1.0)
      deep_merge (~> 1.0)
      facter (> 2.0.1, < 5)
      fast_gettext (>= 1.1, < 3)
      hiera (>= 3.2.1, < 4)
      locale (~> 2.1)
      multi_json (~> 1.10)
      puppet-resource_api (~> 1.5)
      scanf (~> 1.0)
      semantic_puppet (~> 1.0)
    openvox-strings (7.1.0)
      irb (< 2)
      rgen (>= 0.9, < 0.11)
      yard (~> 0.9)
    ostruct (0.6.3)
    parallel (1.28.0)
    parser (3.3.11.1)
      ast (~> 2.4.1)
      racc
    pathspec (2.1.0)
    pp (0.6.3)
      prettyprint
    prettyprint (0.2.0)
    prime (0.1.4)
      forwardable
      singleton
    prism (1.9.0)
    protocol-hpack (1.5.1)
    protocol-http (0.62.2)
    protocol-http1 (0.39.0)
      protocol-http (~> 0.62)
    protocol-http2 (0.26.0)
      protocol-hpack (~> 1.4)
      protocol-http (~> 0.62)
    protocol-url (0.4.0)
    psych (5.3.1)
      date
      stringio
    public_suffix (7.0.5)
    puppet (5.5.22)
      facter (> 2.0.1, < 4)
      fast_gettext (~> 1.1.2)
      hiera (>= 3.2.1, < 4)
      locale (~> 2.1)
      multi_json (~> 1.10)
    puppet-blacksmith (9.1.0)
      base64 (>= 0.2, < 0.4)
      puppet-modulebuilder (~> 2.0, >= 2.0.2)
    puppet-lint (2.5.2)
    puppet-lint-absolute_classname-check (3.1.0)
      puppet-lint (>= 1.0, < 4)
    puppet-lint-classes_and_types_beginning_with_digits-check (1.0.0)
      puppet-lint (>= 1.0, < 3.0)
    puppet-lint-leading_zero-check (1.1.0)
      puppet-lint (>= 1.0, < 4.0)
    puppet-lint-trailing_comma-check (1.0.0)
      puppet-lint (>= 1.0, < 4)
    puppet-lint-unquoted_string-check (2.2.0)
      puppet-lint (>= 2.1, < 4)
    puppet-lint-variable_contains_upcase (1.4.0)
      puppet-lint (>= 1.0, < 5)
    puppet-lint-version_comparison-check (1.1.0)
      puppet-lint (>= 1.0, < 4)
    puppet-modulebuilder (2.1.0)
      minitar (>= 0.9, < 2)
      pathspec (>= 0.2.1, < 3.0.0)
    puppet-resource_api (1.9.0)
      hocon (>= 1.0)
    puppet-syntax (2.6.1)
      puppet (>= 5)
      rake
    puppetlabs_spec_helper (2.4.0)
      mocha (~> 1.0)
      puppet-lint (~> 2.0)
      puppet-syntax (~> 2.0)
      rspec-puppet (~> 2.0)
    racc (1.8.1)
    rainbow (3.1.1)
    rake (13.4.2)
    rdoc (7.2.0)
      erb
      psych (>= 4.0.0)
      tsort
    regexp_parser (2.12.0)
    reline (0.6.3)
      io-console (~> 0.5)
    require_all (3.0.0)
    rexml (3.4.4)
    rgen (0.10.2)
    rspec (3.13.2)
      rspec-core (~> 3.13.0)
      rspec-expectations (~> 3.13.0)
      rspec-mocks (~> 3.13.0)
    rspec-core (3.13.6)
      rspec-support (~> 3.13.0)
    rspec-expectations (3.13.5)
      diff-lcs (>= 1.2.0, < 2.0)
      rspec-support (~> 3.13.0)
    rspec-its (2.0.0)
      rspec-core (>= 3.13.0)
      rspec-expectations (>= 3.13.0)
    rspec-mocks (3.13.8)
      diff-lcs (>= 1.2.0, < 2.0)
      rspec-support (~> 3.13.0)
    rspec-puppet-facts (6.2.0)
      deep_merge (~> 1.2)
      facterdb (>= 3.1, < 5.0)
      openfact (~> 5.0)
    rspec-puppet-utils (3.4.0)
      mocha
      puppet
      puppetlabs_spec_helper
      rspec
      rspec-puppet
    rspec-support (3.13.7)
    rsync (1.0.9)
    rubocop (0.93.1)
      parallel (~> 1.10)
      parser (>= 2.7.1.5)
      rainbow (>= 2.2.2, < 4.0)
      regexp_parser (>= 1.8)
      rexml
      rubocop-ast (>= 0.6.0)
      ruby-progressbar (~> 1.7)
      unicode-display_width (>= 1.4.0, < 2.0)
    rubocop-ast (1.49.1)
      parser (>= 3.3.7.2)
      prism (~> 1.7)
    rubocop-rspec (1.44.1)
      rubocop (~> 0.87)
      rubocop-ast (>= 0.7.1)
    ruby-ll (2.1.4)
      ansi
      ast
    ruby-progressbar (1.13.0)
    sawyer (0.9.3)
      addressable (>= 2.3.5)
      faraday (>= 0.17.3, < 3)
    scanf (1.0.0)
    securerandom (0.4.1)
    semantic_puppet (1.1.1)
    serverspec (2.43.0)
      multi_json
      rspec (~> 3.0)
      rspec-its
      specinfra (~> 2.72)
    sfl (2.3)
    singleton (0.3.0)
    spdx-licenses (1.4.0)
    specinfra (2.95.0)
      base64
      net-scp
      net-ssh (>= 2.7)
      net-telnet
      sfl
    stringify-hash (0.0.2)
    stringio (3.2.0)
    syslog (0.4.0)
      logger
    thor (1.5.0)
    traces (0.18.2)
    tsort (0.2.0)
    tzinfo (2.0.6)
      concurrent-ruby (~> 1.0)
    unicode-display_width (1.8.0)
    uri (1.1.1)
    yard (0.9.43)

PLATFORMS
  ruby
  x86_64-linux

DEPENDENCIES
  beaker-puppet_install_helper
  beaker-rspec
  facter
  getoptlong
  metadata-json-lint
  prime
  puppet (~> 5.3)
  puppet-blacksmith
  puppet-lint-absolute_classname-check
  puppet-lint-classes_and_types_beginning_with_digits-check
  puppet-lint-leading_zero-check
  puppet-lint-trailing_comma-check
  puppet-lint-unquoted_string-check
  puppet-lint-variable_contains_upcase
  puppet-lint-version_comparison-check
  puppet-strings!
  puppetlabs_spec_helper (~> 2.4.0)
  rspec-puppet!
  rspec-puppet-facts
  rspec-puppet-utils
  rubocop-rspec (~> 1.6)
  voxpupuli-release!

CHECKSUMS
  activesupport (8.1.3) sha256=21a5e0dfbd4c3ddd9e1317ec6a4d782fa226e7867dc70b0743acda81a1dca20e
  addressable (2.9.0) sha256=7fdf6ac3660f7f4e867a0838be3f6cf722ace541dd97767fa42bc6cfa980c7af
  ansi (1.6.0) sha256=ac9ea0c0ea8d32fb4e271348e609963ac78882f34b73836c2a02b3622e666658
  ast (2.4.3) sha256=954615157c1d6a382bc27d690d973195e79db7f55e9765ac7c481c60bdb4d383
  async (2.39.0) sha256=df18730073f2bbb45788077dfa20cb365ecc1b9453969f44de6796b5191a00aa
  async-http (0.95.0) sha256=08128cab255a48e41d1e856bfa9cbda001f1c57c88bafa3fa3a545ad795754aa
  async-http-faraday (0.22.2) sha256=a5ab939c0cf78011668d5bae523978085ce0baedd567b95d0a9cde18bb5603cc
  async-pool (0.11.2) sha256=0a43a17b02b04d9c451b7d12fafa9a50e55dc6dd00d4369aca00433f16a7e3ed
  base64 (0.3.0) sha256=27337aeabad6ffae05c265c450490628ef3ebd4b67be58257393227588f5a97b
  beaker (4.42.0) sha256=abdd72304c8a02a4e84becb06930b2faa78275ddbef096379f5584ee5069cac4
  beaker-abs (0.5.0) sha256=c97b58fcb336cdecf4e4a5405b08a7589d6a5f61cf1f36f19bcd910bdc0d9c72
  beaker-answers (0.29.0) sha256=96b562b50fbec83ef78bb292969f440cf0669f68baa3acd2be9161a0fa357c50
  beaker-hostgenerator (3.6.0) sha256=22bcaa7f6f4d45fac75ab3102c75b6529fbd192f17615c0430a71777a6fd3fd2
  beaker-pe (2.19.0) sha256=a9ec9e6b8d458b784d530a2a5d9134da8512bafff551fad9581553d4b8ac2f3c
  beaker-puppet (2.1.0) sha256=edefd9b8e2cf76e1f9caffd7b8a3a09c66f2820f9c972093b08c8271f03bdd2f
  beaker-puppet_install_helper (0.9.8) sha256=938725785722368eddb2644fd5bd6efcfc62618ac3865d06aed21f0014e89988
  beaker-rspec (9.1.0) sha256=80efe788ebcf257f96dbe580f6af44e08e077d6878742baa1414b68042ffee6b
  beaker-vmpooler (1.4.0) sha256=ec7e2437541cbd1ccf9294157cb8010e323fdde7d22d7dcd30524055a076d61a
  benchmark (0.5.0) sha256=465df122341aedcb81a2a24b4d3bd19b6c67c1530713fd533f3ff034e419236c
  bigdecimal (4.1.2) sha256=53d217666027eab4280346fba98e7d5b66baaae1b9c3c1c0ffe89d48188a3fbd
  bundler (4.0.11) sha256=5bcec0fb78302e48d02ee46f10ee6e6942be647ba5b44a6d1ddfda9a240ce785
  concurrent-ruby (1.3.6) sha256=6b56837e1e7e5292f9864f34b69c5a2cbc75c0cf5338f1ce9903d10fa762d5ab
  connection_pool (3.0.2) sha256=33fff5ba71a12d2aa26cb72b1db8bba2a1a01823559fb01d29eb74c286e62e0a
  console (1.34.3) sha256=869fbd74697efc4c606f102d2812b0b008e4e7fd738a91c591e8577140ec0dcc
  date (3.5.1) sha256=750d06384d7b9c15d562c76291407d89e368dda4d4fff957eb94962d325a0dc0
  deep_merge (1.2.2) sha256=83ced3a3d7f95f67de958d2ce41b1874e83c8d94fe2ddbff50c8b4b82323563a
  diff-lcs (1.6.2) sha256=9ae0d2cba7d4df3075fe8cd8602a8604993efc0dfa934cff568969efb1909962
  drb (2.2.3) sha256=0b00d6fdb50995fe4a45dea13663493c841112e4068656854646f418fda13373
  ed25519 (1.4.0) sha256=16e97f5198689a154247169f3453ef4cfd3f7a47481fde0ae33206cdfdcac506
  erb (6.0.4) sha256=38e3803694be357fe2bfe312487c74beaf9fb4e5beb3e22498952fe1645b95d9
  facter (2.5.7) sha256=f2b8acaa9c4f3c606496aca1b6b4a6c3f9fb623e530785aa93cac56a977713ab
  facterdb (4.4.0) sha256=821359d051290389f54aac80f52342809519cad67262f9c1c86fbdf9adee01af
  faraday (2.14.1) sha256=a43cceedc1e39d188f4d2cdd360a8aaa6a11da0c407052e426ba8d3fb42ef61c
  faraday-http-cache (2.7.0) sha256=cd7ac4bbe6c08592ea7af6655f98b2f76c4db0bad31bf40340df5aad719f0d89
  faraday-net_http (3.4.2) sha256=f147758260d3526939bf57ecf911682f94926a3666502e24c69992765875906c
  faraday-retry (2.4.0) sha256=7b79c48fb7e56526faf247b12d94a680071ff40c9fda7cf1ec1549439ad11ebe
  fast_gettext (1.1.2) sha256=e868f02c24af746a137f3aaf898ca3660e6611aa7f1f96ce60e9a425130f2732
  fiber-annotation (0.2.0) sha256=7abfadf1d119f508867d4103bf231c0354d019cc39a5738945dec2edadaf6c03
  fiber-local (1.1.0) sha256=c885f94f210fb9b05737de65d511136ea602e00c5105953748aa0f8793489f06
  fiber-storage (1.0.1) sha256=f48e5b6d8b0be96dac486332b55cee82240057065dc761c1ea692b2e719240e1
  fiddle (1.1.8) sha256=7fa8ee3627271497f3add5503acdbc3f40b32f610fc1cf49634f083ef3f32eee
  forwardable (1.4.0) sha256=f1cd40cc9812937980e1c76f1aa053660990a7c9b6a98fc37d945468afcce838
  getoptlong (0.2.1) sha256=fd23f07397b994bf9310d4531cfdb4332629a9b8e8c9c457c32b7edf5bf21ba5
  github_changelog_generator (1.18.0) sha256=f6ad4c53a14e8d1e440492f5a7b3d0a4c76e072add568e78b437510b2f02d000
  hiera (3.12.0) sha256=7808800f6da3ec9bb3b5d63d113a8ccbc3fb4fe72f459d5b67a1ef23ab952b61
  hocon (1.4.0) sha256=e71023ed7c56ae780ec34c0ce7789a233bcead08c045d50bc7b3af40f5afcd80
  i18n (1.14.8) sha256=285778639134865c5e0f6269e0b818256017e8cde89993fdfcbfb64d088824a5
  in-parallel (1.0.1) sha256=75a50b6f850d7669fb1fe9113ff4a1fe2dcbd68f36c5ddaa27322694c1352448
  inifile (3.0.0) sha256=b103eb3655ec93cc626cf2de00950e91f7e69b8398842968e17e1815cfacbfb0
  io-console (0.8.2) sha256=d6e3ae7a7cc7574f4b8893b4fca2162e57a825b223a177b7afa236c5ef9814cc
  io-endpoint (0.17.2) sha256=3feaf766c116b35839c11fac68b6aaadc47887bb488902a57bf8e1d288fb3338
  io-event (1.15.1) sha256=c644cdcf48254015d63f558bf4492f35471f5bb204a42180ea49752be59b30cc
  io-stream (0.13.0) sha256=ce24bccb302bdf3ecedef05e8669a687b461621a498d83622fdcab549c9c1636
  irb (1.18.0) sha256=de9454a0703a54704b9811a5ef31a60c86949fbf4013fcf244fabc7c775248e3
  jgrep (1.5.4) sha256=521585588687103b4d65951c17d29e2ea64edc45babe97f34bce7cfebafe44db
  json (2.19.5) sha256=218a18553e4801d579ca7e0f5bc72bafd776d7397238a1fb4e74db5b0a812c59
  json-schema (6.2.0) sha256=e8bff46ed845a22c1ab2bd0d7eccf831c01fe23bb3920caa4c74db4306813666
  locale (2.1.5) sha256=1c6803e8aa6bdb2c29e91945d095050601bf6d58474993575adf6f3b89b32ef4
  logger (1.7.0) sha256=196edec7cc44b66cfb40f9755ce11b392f21f7967696af15d274dde7edff0203
  metadata-json-lint (5.0.0) sha256=401b277a9832d9dfde496113003bb88312fc3b4656f343056fa188b65d1964a0
  metrics (0.15.0) sha256=61ded5bac95118e995b1bc9ed4a5f19bc9814928a312a85b200abbdac9039072
  minitar (0.12.1) sha256=3a1dbbae8c4c8e67ab8e3951ba36cb93b844c225b29f83e3b90f48226f3d6038
  minitest (5.27.0) sha256=2d3b17f8a36fe7801c1adcffdbc38233b938eb0b4966e97a6739055a45fa77d5
  mocha (1.16.1) sha256=d4644238b5b2f4110be81392fe1a468bd784c6cc9012bd274f9065508dfb97cd
  multi_json (1.21.1) sha256=e6126a31808e3b4d19f483c775ceac34df190dffa62adfb63a165ee14ba68080
  net-http (0.9.1) sha256=25ba0b67c63e89df626ed8fac771d0ad24ad151a858af2cc8e6a716ca4336996
  net-scp (4.1.0) sha256=a99b0b92a1e5d360b0de4ffbf2dc0c91531502d3d4f56c28b0139a7c093d1a5d
  net-ssh (7.3.2) sha256=65029e213c380e20e5fd92ece663934ab0a0fe888e0cd7cc6a5b664074362dd4
  net-telnet (0.2.0) sha256=253007c0f8dc3fd66e569d53ebbce5ef6e94d6246ab9c04d73a7629b0eebd39a
  octokit (4.25.1) sha256=c02092ee82dcdfe84db0e0ea630a70d32becc54245a4f0bacfd21c010df09b96
  oga (3.4) sha256=953039cd7be8dc50dfdafe052588e369c707ff1a82e06980b90944e1a1061b6d
  openfact (5.6.0) sha256=91bb8d23e8c1d132879aa009d2bb04686b78e7d21d29a2d675627cccff123c1d
  openvox (7.37.2) sha256=749e720ce013213d3c0ea4e6df4e6d16ebd02e9fb7adf58d6dfc6486488aba74
  openvox-strings (7.1.0) sha256=54787ea8da5759657b3b94dac1af2ec458b4fa1d822c96ddefcde36b91ab39ab
  ostruct (0.6.3) sha256=95a2ed4a4bd1d190784e666b47b2d3f078e4a9efda2fccf18f84ddc6538ed912
  parallel (1.28.0) sha256=33e6de1484baf2524792d178b0913fc8eb94c628d6cfe45599ad4458c638c970
  parser (3.3.11.1) sha256=d17ace7aabe3e72c3cc94043714be27cc6f852f104d81aa284c2281aecc65d54
  pathspec (2.1.0) sha256=89e186d2aeb8b8237b2ad8ed04bf47907b7acd475afff290d3f271b5f84c4d24
  pp (0.6.3) sha256=2951d514450b93ccfeb1df7d021cae0da16e0a7f95ee1e2273719669d0ab9df6
  prettyprint (0.2.0) sha256=2bc9e15581a94742064a3cc8b0fb9d45aae3d03a1baa6ef80922627a0766f193
  prime (0.1.4) sha256=4d755ebf7c2994a6f3a3fee0d072063be3fff2d4042ebff6cd5eebd4747a225e
  prism (1.9.0) sha256=7b530c6a9f92c24300014919c9dcbc055bf4cdf51ec30aed099b06cd6674ef85
  protocol-hpack (1.5.1) sha256=6feca238b8078da1cd295677d6f306c6001af92d75fe0643d33e6956cbc3ad91
  protocol-http (0.62.2) sha256=e1c1f2f56029c1af8c4e2b8a67d0d096c76620f3afd8d99d1dcd2f6b8ffa773b
  protocol-http1 (0.39.0) sha256=e49b3f4cda6f5d94c76a323d2b7f6977cba3ebd082d2da437039594da77ad8eb
  protocol-http2 (0.26.0) sha256=bac89cd78082b241ccd0cf7246f5160e4bb0c9c975fb4bf7deef5f88cc317486
  protocol-url (0.4.0) sha256=64d4c03b6b51ad815ac6fdaf77a1d91e5baf9220d26becb846c5459dacdea9e1
  psych (5.3.1) sha256=eb7a57cef10c9d70173ff74e739d843ac3b2c019a003de48447b2963d81b1974
  public_suffix (7.0.5) sha256=1a8bb08f1bbea19228d3bed6e5ed908d1cb4f7c2726d18bd9cadf60bc676f623
  puppet (5.5.22) sha256=e1ce74e46c1782cbee937d3b00fff5451a2fe254c3ecde22d3186d8d07a2581b
  puppet-blacksmith (9.1.0) sha256=d8d2f9e27405663fe2ded66f17434ce5c1e860978ceb8f1bb9adbfd000e07168
  puppet-lint (2.5.2) sha256=3b41f054b1d7b4bfd041652647df8aef1eebd14d6c40b8b77920396a161b92e5
  puppet-lint-absolute_classname-check (3.1.0) sha256=4296003fb3d877597c6983d3670eda3b9da2748b6f78061480fd00a78b83facd
  puppet-lint-classes_and_types_beginning_with_digits-check (1.0.0) sha256=8cfe6e466f6032b8f3e9ece725aa79275b16ffc3da0091f1ceb82b839b77051a
  puppet-lint-leading_zero-check (1.1.0) sha256=046451e766d0d2ede3c82dfe632823527f93fe8fa1890a3db4fcd4ede8ed05cf
  puppet-lint-trailing_comma-check (1.0.0) sha256=268c6e92992da7a93a8027856c161b2781c394574885010457a26ead24895387
  puppet-lint-unquoted_string-check (2.2.0) sha256=e32cd5e8b5926c9c8dd832981599b4cd3be0499fa9efde44ce6ef11322c0957e
  puppet-lint-variable_contains_upcase (1.4.0) sha256=105676d61f3fcb00bb39996c5a6991a5c0981b09bd4a477cffa593ed0c45607d
  puppet-lint-version_comparison-check (1.1.0) sha256=bfadacaca5b893f5ea4ee4a95fa40ff2b6409f9d25b701af81fd2856c9b37928
  puppet-modulebuilder (2.1.0) sha256=ee7393326fdd828d54730614d18b07ff7a88ec7a46c190e6b86f91f8939b9e4d
  puppet-resource_api (1.9.0) sha256=4b82e77fad1d3810f3a84ad727aa9fd7c4e8b1179bacc034e9071c0a8f2ebe67
  puppet-strings (5.0.0)
  puppet-syntax (2.6.1) sha256=4d2318c4fc3e8844456a3abd6db7f1284cbb17659f1e1e443a331167be60c221
  puppetlabs_spec_helper (2.4.0) sha256=76336bc9888c6f30027c5a37c2d5eed67664bfa1bae09238996fa90b15c236ca
  racc (1.8.1) sha256=4a7f6929691dbec8b5209a0b373bc2614882b55fc5d2e447a21aaa691303d62f
  rainbow (3.1.1) sha256=039491aa3a89f42efa1d6dec2fc4e62ede96eb6acd95e52f1ad581182b79bc6a
  rake (13.4.2) sha256=cb825b2bd5f1f8e91ca37bddb4b9aaf345551b4731da62949be002fa89283701
  rdoc (7.2.0) sha256=8650f76cd4009c3b54955eb5d7e3a075c60a57276766ebf36f9085e8c9f23192
  regexp_parser (2.12.0) sha256=35a916a1d63190ab5c9009457136ae5f3c0c7512d60291d0d1378ba18ce08ebb
  reline (0.6.3) sha256=1198b04973565b36ec0f11542ab3f5cfeeec34823f4e54cebde90968092b1835
  require_all (3.0.0) sha256=937853faa2833388eab551107bf7bf87c6bba6b4800bac5ce469eda7b6a9fed0
  rexml (3.4.4) sha256=19e0a2c3425dfbf2d4fc1189747bdb2f849b6c5e74180401b15734bc97b5d142
  rgen (0.10.2) sha256=d978f84887a0b4815ff3a0e0c4d43a15cdeeac9fd4da02db8ec3ecd0f222f371
  rspec (3.13.2) sha256=206284a08ad798e61f86d7ca3e376718d52c0bc944626b2349266f239f820587
  rspec-core (3.13.6) sha256=a8823c6411667b60a8bca135364351dda34cd55e44ff94c4be4633b37d828b2d
  rspec-expectations (3.13.5) sha256=33a4d3a1d95060aea4c94e9f237030a8f9eae5615e9bd85718fe3a09e4b58836
  rspec-its (2.0.0) sha256=a88e8bc38149f2835e93533591ec4f5c829aacbfd41269a2e6f9f5b82f5260df
  rspec-mocks (3.13.8) sha256=086ad3d3d17533f4237643de0b5c42f04b66348c28bf6b9c2d3f4a3b01af1d47
  rspec-puppet (2.10.0.pre)
  rspec-puppet-facts (6.2.0) sha256=7dd8c357f257d9cb328d7e9313e11456fa12c40cb08981b489e13c51cafd5192
  rspec-puppet-utils (3.4.0) sha256=df27693b59a726b455cfdb0d717d799aacbbc42f5c84865bea9d2c81663b3713
  rspec-support (3.13.7) sha256=0640e5570872aafefd79867901deeeeb40b0c9875a36b983d85f54fb7381c47c
  rsync (1.0.9) sha256=bbdb69727a7cf17a26be5dce197d15957dfaf8ed4814811da6b1ef17f0110b5d
  rubocop (0.93.1) sha256=73b44fbbe872edbd3f14487175b6369a0f48e952c155f305896ffa56c48b195e
  rubocop-ast (1.49.1) sha256=4412f3ee70f6fe4546cc489548e0f6fcf76cafcfa80fa03af67098ffed755035
  rubocop-rspec (1.44.1) sha256=7b2238e7d6cf17a925a90992914f3cd8ecd68b65b31710d60a3f7f647f8a8b2a
  ruby-ll (2.1.4) sha256=bec3a40078e4b8578b20751f0b2e3dc3fcaa773e34fae3d9725b724032e47e0c
  ruby-progressbar (1.13.0) sha256=80fc9c47a9b640d6834e0dc7b3c94c9df37f08cb072b7761e4a71e22cff29b33
  sawyer (0.9.3) sha256=0d0f19298408047037638639fe62f4794483fb04320269169bd41af2bdcf5e41
  scanf (1.0.0) sha256=533db7f7e5acafea1a145d6c5329cef667a58fbcb7d64379a808ff1199ee1b00
  securerandom (0.4.1) sha256=cc5193d414a4341b6e225f0cb4446aceca8e50d5e1888743fac16987638ea0b1
  semantic_puppet (1.1.1) sha256=15ff5b48d7f856549eb66b927a8894d3668b211970c9d7dc07dd4db57f5c7a96
  serverspec (2.43.0) sha256=0207ed5f4066a63767ea7332211e6aaf793c047bb33ad1f7946aa5983d4b8e77
  sfl (2.3) sha256=99739e51c33062e3964e1802a700ee9cd8d0f9c389b2a07f8a5fdf84e186a4e2
  singleton (0.3.0) sha256=83ea1bca5f4aa34d00305ab842a7862ea5a8a11c73d362cb52379d94e9615778
  spdx-licenses (1.4.0) sha256=953820f3714b5f998b56a2a663ebeac51667a4017392ad53cd30709e8fa4f67d
  specinfra (2.95.0) sha256=7ab3c596df6c4ef69e6875f3fb38462aeb22d4731f2dcede167d2cc16288f90b
  stringify-hash (0.0.2) sha256=8b599751ffed33c76e236d223ae66e7c8769fe1ccaccac412148d3439e28bbf2
  stringio (3.2.0) sha256=c37cb2e58b4ffbd33fe5cd948c05934af997b36e0b6ca6fdf43afa234cf222e1
  syslog (0.4.0) sha256=c4c38ae982fe72903ec41094b5e5f2dcbbc66f510d0225c9702e5e980d827472
  thor (1.5.0) sha256=e3a9e55fe857e44859ce104a84675ab6e8cd59c650a49106a05f55f136425e73
  traces (0.18.2) sha256=80f1649cb4daace1d7174b81f3b3b7427af0b93047759ba349960cb8f315e214
  tsort (0.2.0) sha256=9650a793f6859a43b6641671278f79cfead60ac714148aabe4e3f0060480089f
  tzinfo (2.0.6) sha256=8daf828cc77bcf7d63b0e3bdb6caa47e2272dcfaf4fbfe46f8c3a9df087a829b
  unicode-display_width (1.8.0) sha256=0292132d364d59fcdd83f144910c48b3c8332b28a14c5c04bb093dd165600488
  uri (1.1.1) sha256=379fa58d27ffb1387eaada68c749d1426738bd0f654d812fcc07e7568f5c57c6
  voxpupuli-release (5.4.0)
  yard (0.9.43) sha256=cf8733a8f0485df2a162927e9b5f182215a61f6d22de096b8f402c726a1c5821

BUNDLED WITH
  4.0.11
